// !$*UTF8*$!
{
	archiveVersion = 1;
	classes = {
	};
	objectVersion = 55;
	objects = {

/* Begin PBXBuildFile section */
		30198472272DCA4D00145342 /* SignInView.swift in Sources */ = {isa = PBXBuildFile; fileRef = 30198471272DCA4D00145342 /* SignInView.swift */; };
		30198474272DCA6F00145342 /* SignUpView.swift in Sources */ = {isa = PBXBuildFile; fileRef = 30198473272DCA6F00145342 /* SignUpView.swift */; };
		303ADF39272DCC0B00957EDB /* SplashScreen.storyboard in Resources */ = {isa = PBXBuildFile; fileRef = 303ADF38272DCC0B00957EDB /* SplashScreen.storyboard */; };
		303F4E862729B56E0065F944 /* AMSandun_COBSCComp201P_018App.swift in Sources */ = {isa = PBXBuildFile; fileRef = 303F4E852729B56E0065F944 /* AMSandun_COBSCComp201P_018App.swift */; };
		303F4E882729B56E0065F944 /* ContentView.swift in Sources */ = {isa = PBXBuildFile; fileRef = 303F4E872729B56E0065F944 /* ContentView.swift */; };
		303F4E8A2729B5700065F944 /* Assets.xcassets in Resources */ = {isa = PBXBuildFile; fileRef = 303F4E892729B5700065F944 /* Assets.xcassets */; };
		303F4E8D2729B5700065F944 /* Preview Assets.xcassets in Resources */ = {isa = PBXBuildFile; fileRef = 303F4E8C2729B5700065F944 /* Preview Assets.xcassets */; };
		303F4E972729B5700065F944 /* AMSandun_COBSCComp201P_018Tests.swift in Sources */ = {isa = PBXBuildFile; fileRef = 303F4E962729B5700065F944 /* AMSandun_COBSCComp201P_018Tests.swift */; };
		303F4EA12729B5700065F944 /* AMSandun_COBSCComp201P_018UITests.swift in Sources */ = {isa = PBXBuildFile; fileRef = 303F4EA02729B5700065F944 /* AMSandun_COBSCComp201P_018UITests.swift */; };
		303F4EA32729B5700065F944 /* AMSandun_COBSCComp201P_018UITestsLaunchTests.swift in Sources */ = {isa = PBXBuildFile; fileRef = 303F4EA22729B5700065F944 /* AMSandun_COBSCComp201P_018UITestsLaunchTests.swift */; };
		304AA97A2731851200FC3528 /* HomeView.swift in Sources */ = {isa = PBXBuildFile; fileRef = 304AA9792731851200FC3528 /* HomeView.swift */; };
		308119BA272E4F530029C1DC /* GoogleService-Info.plist in Resources */ = {isa = PBXBuildFile; fileRef = 308119B9272E4F530029C1DC /* GoogleService-Info.plist */; };
		309E1A002732BF0500202ED7 /* UserModel.swift in Sources */ = {isa = PBXBuildFile; fileRef = 309E19FF2732BF0400202ED7 /* UserModel.swift */; };
		30D2549C27312B2B00732049 /* AuthViewModel.swift in Sources */ = {isa = PBXBuildFile; fileRef = 30D2549B27312B2B00732049 /* AuthViewModel.swift */; };
		30FEFBAC2731864A00AFAD68 /* BookingView.swift in Sources */ = {isa = PBXBuildFile; fileRef = 30FEFBAB2731864A00AFAD68 /* BookingView.swift */; };
		30FEFBAE2731868D00AFAD68 /* SettingView.swift in Sources */ = {isa = PBXBuildFile; fileRef = 30FEFBAD2731868D00AFAD68 /* SettingView.swift */; };
		423A0496874A812F83614F8E /* Pods_AMSandun_COBSCComp201P_018Tests.framework in Frameworks */ = {isa = PBXBuildFile; fileRef = 6CACB0483EEF280973BF90A1 /* Pods_AMSandun_COBSCComp201P_018Tests.framework */; };
		E5DA7B104F12FFB917E376D4 /* Pods_AMSandun_COBSCComp201P_018_AMSandun_COBSCComp201P_018UITests.framework in Frameworks */ = {isa = PBXBuildFile; fileRef = E045D99823D6AA4CD768A10F /* Pods_AMSandun_COBSCComp201P_018_AMSandun_COBSCComp201P_018UITests.framework */; };
		FF5D8D1CF69EC4BA68F973E5 /* Pods_AMSandun_COBSCComp201P_018.framework in Frameworks */ = {isa = PBXBuildFile; fileRef = B249BCD2C4F09E9CB5CCAB0E /* Pods_AMSandun_COBSCComp201P_018.framework */; };
/* End PBXBuildFile section */

/* Begin PBXContainerItemProxy section */
		303F4E932729B5700065F944 /* PBXContainerItemProxy */ = {
			isa = PBXContainerItemProxy;
			containerPortal = 303F4E7A2729B56E0065F944 /* Project object */;
			proxyType = 1;
			remoteGlobalIDString = 303F4E812729B56E0065F944;
			remoteInfo = AMSandun_COBSCComp201P_018;
		};
		303F4E9D2729B5700065F944 /* PBXContainerItemProxy */ = {
			isa = PBXContainerItemProxy;
			containerPortal = 303F4E7A2729B56E0065F944 /* Project object */;
			proxyType = 1;
			remoteGlobalIDString = 303F4E812729B56E0065F944;
			remoteInfo = AMSandun_COBSCComp201P_018;
		};
/* End PBXContainerItemProxy section */

/* Begin PBXFileReference section */
		145867DAE575B93D64282849 /* Pods-AMSandun_COBSCComp201P_018-AMSandun_COBSCComp201P_018UITests.release.xcconfig */ = {isa = PBXFileReference; includeInIndex = 1; lastKnownFileType = text.xcconfig; name = "Pods-AMSandun_COBSCComp201P_018-AMSandun_COBSCComp201P_018UITests.release.xcconfig"; path = "Target Support Files/Pods-AMSandun_COBSCComp201P_018-AMSandun_COBSCComp201P_018UITests/Pods-AMSandun_COBSCComp201P_018-AMSandun_COBSCComp201P_018UITests.release.xcconfig"; sourceTree = "<group>"; };
		30198471272DCA4D00145342 /* SignInView.swift */ = {isa = PBXFileReference; lastKnownFileType = sourcecode.swift; path = SignInView.swift; sourceTree = "<group>"; };
		30198473272DCA6F00145342 /* SignUpView.swift */ = {isa = PBXFileReference; lastKnownFileType = sourcecode.swift; path = SignUpView.swift; sourceTree = "<group>"; };
		303ADF38272DCC0B00957EDB /* SplashScreen.storyboard */ = {isa = PBXFileReference; lastKnownFileType = file.storyboard; path = SplashScreen.storyboard; sourceTree = "<group>"; };
		303F4E822729B56E0065F944 /* AMSandun_COBSCComp201P_018.app */ = {isa = PBXFileReference; explicitFileType = wrapper.application; includeInIndex = 0; path = AMSandun_COBSCComp201P_018.app; sourceTree = BUILT_PRODUCTS_DIR; };
		303F4E852729B56E0065F944 /* AMSandun_COBSCComp201P_018App.swift */ = {isa = PBXFileReference; lastKnownFileType = sourcecode.swift; path = AMSandun_COBSCComp201P_018App.swift; sourceTree = "<group>"; };
		303F4E872729B56E0065F944 /* ContentView.swift */ = {isa = PBXFileReference; lastKnownFileType = sourcecode.swift; path = ContentView.swift; sourceTree = "<group>"; };
		303F4E892729B5700065F944 /* Assets.xcassets */ = {isa = PBXFileReference; lastKnownFileType = folder.assetcatalog; path = Assets.xcassets; sourceTree = "<group>"; };
		303F4E8C2729B5700065F944 /* Preview Assets.xcassets */ = {isa = PBXFileReference; lastKnownFileType = folder.assetcatalog; path = "Preview Assets.xcassets"; sourceTree = "<group>"; };
		303F4E922729B5700065F944 /* AMSandun_COBSCComp201P_018Tests.xctest */ = {isa = PBXFileReference; explicitFileType = wrapper.cfbundle; includeInIndex = 0; path = AMSandun_COBSCComp201P_018Tests.xctest; sourceTree = BUILT_PRODUCTS_DIR; };
		303F4E962729B5700065F944 /* AMSandun_COBSCComp201P_018Tests.swift */ = {isa = PBXFileReference; lastKnownFileType = sourcecode.swift; path = AMSandun_COBSCComp201P_018Tests.swift; sourceTree = "<group>"; };
		303F4E9C2729B5700065F944 /* AMSandun_COBSCComp201P_018UITests.xctest */ = {isa = PBXFileReference; explicitFileType = wrapper.cfbundle; includeInIndex = 0; path = AMSandun_COBSCComp201P_018UITests.xctest; sourceTree = BUILT_PRODUCTS_DIR; };
		303F4EA02729B5700065F944 /* AMSandun_COBSCComp201P_018UITests.swift */ = {isa = PBXFileReference; lastKnownFileType = sourcecode.swift; path = AMSandun_COBSCComp201P_018UITests.swift; sourceTree = "<group>"; };
		303F4EA22729B5700065F944 /* AMSandun_COBSCComp201P_018UITestsLaunchTests.swift */ = {isa = PBXFileReference; lastKnownFileType = sourcecode.swift; path = AMSandun_COBSCComp201P_018UITestsLaunchTests.swift; sourceTree = "<group>"; };
		304AA9792731851200FC3528 /* HomeView.swift */ = {isa = PBXFileReference; lastKnownFileType = sourcecode.swift; path = HomeView.swift; sourceTree = "<group>"; };
		308119B9272E4F530029C1DC /* GoogleService-Info.plist */ = {isa = PBXFileReference; fileEncoding = 4; lastKnownFileType = text.plist.xml; path = "GoogleService-Info.plist"; sourceTree = "<group>"; };
		309E19FF2732BF0400202ED7 /* UserModel.swift */ = {isa = PBXFileReference; lastKnownFileType = sourcecode.swift; path = UserModel.swift; sourceTree = "<group>"; };
		30D2549B27312B2B00732049 /* AuthViewModel.swift */ = {isa = PBXFileReference; lastKnownFileType = sourcecode.swift; path = AuthViewModel.swift; sourceTree = "<group>"; };
		30FEFBAB2731864A00AFAD68 /* BookingView.swift */ = {isa = PBXFileReference; lastKnownFileType = sourcecode.swift; path = BookingView.swift; sourceTree = "<group>"; };
		30FEFBAD2731868D00AFAD68 /* SettingView.swift */ = {isa = PBXFileReference; lastKnownFileType = sourcecode.swift; path = SettingView.swift; sourceTree = "<group>"; };
		679A061181B13924EEC62866 /* Pods-AMSandun_COBSCComp201P_018.release.xcconfig */ = {isa = PBXFileReference; includeInIndex = 1; lastKnownFileType = text.xcconfig; name = "Pods-AMSandun_COBSCComp201P_018.release.xcconfig"; path = "Target Support Files/Pods-AMSandun_COBSCComp201P_018/Pods-AMSandun_COBSCComp201P_018.release.xcconfig"; sourceTree = "<group>"; };
		6CACB0483EEF280973BF90A1 /* Pods_AMSandun_COBSCComp201P_018Tests.framework */ = {isa = PBXFileReference; explicitFileType = wrapper.framework; includeInIndex = 0; path = Pods_AMSandun_COBSCComp201P_018Tests.framework; sourceTree = BUILT_PRODUCTS_DIR; };
		78D6BD68BA4E686B833BA461 /* Pods-AMSandun_COBSCComp201P_018Tests.debug.xcconfig */ = {isa = PBXFileReference; includeInIndex = 1; lastKnownFileType = text.xcconfig; name = "Pods-AMSandun_COBSCComp201P_018Tests.debug.xcconfig"; path = "Target Support Files/Pods-AMSandun_COBSCComp201P_018Tests/Pods-AMSandun_COBSCComp201P_018Tests.debug.xcconfig"; sourceTree = "<group>"; };
		7D7DA32B58AFD2D8E28D484E /* Pods-AMSandun_COBSCComp201P_018.debug.xcconfig */ = {isa = PBXFileReference; includeInIndex = 1; lastKnownFileType = text.xcconfig; name = "Pods-AMSandun_COBSCComp201P_018.debug.xcconfig"; path = "Target Support Files/Pods-AMSandun_COBSCComp201P_018/Pods-AMSandun_COBSCComp201P_018.debug.xcconfig"; sourceTree = "<group>"; };
		82B051992BC50C24E892EC71 /* Pods-AMSandun_COBSCComp201P_018Tests.release.xcconfig */ = {isa = PBXFileReference; includeInIndex = 1; lastKnownFileType = text.xcconfig; name = "Pods-AMSandun_COBSCComp201P_018Tests.release.xcconfig"; path = "Target Support Files/Pods-AMSandun_COBSCComp201P_018Tests/Pods-AMSandun_COBSCComp201P_018Tests.release.xcconfig"; sourceTree = "<group>"; };
		B249BCD2C4F09E9CB5CCAB0E /* Pods_AMSandun_COBSCComp201P_018.framework */ = {isa = PBXFileReference; explicitFileType = wrapper.framework; includeInIndex = 0; path = Pods_AMSandun_COBSCComp201P_018.framework; sourceTree = BUILT_PRODUCTS_DIR; };
		D3B9ECAE074205028AB6B59C /* Pods-AMSandun_COBSCComp201P_018-AMSandun_COBSCComp201P_018UITests.debug.xcconfig */ = {isa = PBXFileReference; includeInIndex = 1; lastKnownFileType = text.xcconfig; name = "Pods-AMSandun_COBSCComp201P_018-AMSandun_COBSCComp201P_018UITests.debug.xcconfig"; path = "Target Support Files/Pods-AMSandun_COBSCComp201P_018-AMSandun_COBSCComp201P_018UITests/Pods-AMSandun_COBSCComp201P_018-AMSandun_COBSCComp201P_018UITests.debug.xcconfig"; sourceTree = "<group>"; };
		E045D99823D6AA4CD768A10F /* Pods_AMSandun_COBSCComp201P_018_AMSandun_COBSCComp201P_018UITests.framework */ = {isa = PBXFileReference; explicitFileType = wrapper.framework; includeInIndex = 0; path = Pods_AMSandun_COBSCComp201P_018_AMSandun_COBSCComp201P_018UITests.framework; sourceTree = BUILT_PRODUCTS_DIR; };
/* End PBXFileReference section */

/* Begin PBXFrameworksBuildPhase section */
		303F4E7F2729B56E0065F944 /* Frameworks */ = {
			isa = PBXFrameworksBuildPhase;
			buildActionMask = 2147483647;
			files = (
				FF5D8D1CF69EC4BA68F973E5 /* Pods_AMSandun_COBSCComp201P_018.framework in Frameworks */,
			);
			runOnlyForDeploymentPostprocessing = 0;
		};
		303F4E8F2729B5700065F944 /* Frameworks */ = {
			isa = PBXFrameworksBuildPhase;
			buildActionMask = 2147483647;
			files = (
				423A0496874A812F83614F8E /* Pods_AMSandun_COBSCComp201P_018Tests.framework in Frameworks */,
			);
			runOnlyForDeploymentPostprocessing = 0;
		};
		303F4E992729B5700065F944 /* Frameworks */ = {
			isa = PBXFrameworksBuildPhase;
			buildActionMask = 2147483647;
			files = (
				E5DA7B104F12FFB917E376D4 /* Pods_AMSandun_COBSCComp201P_018_AMSandun_COBSCComp201P_018UITests.framework in Frameworks */,
			);
			runOnlyForDeploymentPostprocessing = 0;
		};
/* End PBXFrameworksBuildPhase section */

/* Begin PBXGroup section */
		04378BED41CB9E10E6CDB71B /* Pods */ = {
			isa = PBXGroup;
			children = (
				7D7DA32B58AFD2D8E28D484E /* Pods-AMSandun_COBSCComp201P_018.debug.xcconfig */,
				679A061181B13924EEC62866 /* Pods-AMSandun_COBSCComp201P_018.release.xcconfig */,
				D3B9ECAE074205028AB6B59C /* Pods-AMSandun_COBSCComp201P_018-AMSandun_COBSCComp201P_018UITests.debug.xcconfig */,
				145867DAE575B93D64282849 /* Pods-AMSandun_COBSCComp201P_018-AMSandun_COBSCComp201P_018UITests.release.xcconfig */,
				78D6BD68BA4E686B833BA461 /* Pods-AMSandun_COBSCComp201P_018Tests.debug.xcconfig */,
				82B051992BC50C24E892EC71 /* Pods-AMSandun_COBSCComp201P_018Tests.release.xcconfig */,
			);
			path = Pods;
			sourceTree = "<group>";
		};
		3019846E272DC98500145342 /* View */ = {
			isa = PBXGroup;
			children = (
				30198471272DCA4D00145342 /* SignInView.swift */,
				30198473272DCA6F00145342 /* SignUpView.swift */,
				304AA9792731851200FC3528 /* HomeView.swift */,
				30FEFBAB2731864A00AFAD68 /* BookingView.swift */,
				30FEFBAD2731868D00AFAD68 /* SettingView.swift */,
			);
			path = View;
			sourceTree = "<group>";
		};
		3019846F272DC9AE00145342 /* Model */ = {
			isa = PBXGroup;
			children = (
				309E19FF2732BF0400202ED7 /* UserModel.swift */,
			);
			path = Model;
			sourceTree = "<group>";
		};
		30198470272DC9C400145342 /* ViewModel */ = {
			isa = PBXGroup;
			children = (
				30D2549B27312B2B00732049 /* AuthViewModel.swift */,
			);
			path = ViewModel;
			sourceTree = "<group>";
		};
		303F4E792729B56E0065F944 = {
			isa = PBXGroup;
			children = (
				303F4E842729B56E0065F944 /* AMSandun_COBSCComp201P_018 */,
				303F4E952729B5700065F944 /* AMSandun_COBSCComp201P_018Tests */,
				303F4E9F2729B5700065F944 /* AMSandun_COBSCComp201P_018UITests */,
				303F4E832729B56E0065F944 /* Products */,
				04378BED41CB9E10E6CDB71B /* Pods */,
				78C489AA2E92CD9F3E1525D1 /* Frameworks */,
			);
			sourceTree = "<group>";
		};
		303F4E832729B56E0065F944 /* Products */ = {
			isa = PBXGroup;
			children = (
				303F4E822729B56E0065F944 /* AMSandun_COBSCComp201P_018.app */,
				303F4E922729B5700065F944 /* AMSandun_COBSCComp201P_018Tests.xctest */,
				303F4E9C2729B5700065F944 /* AMSandun_COBSCComp201P_018UITests.xctest */,
			);
			name = Products;
			sourceTree = "<group>";
		};
		303F4E842729B56E0065F944 /* AMSandun_COBSCComp201P_018 */ = {
			isa = PBXGroup;
			children = (
				30198470272DC9C400145342 /* ViewModel */,
				3019846F272DC9AE00145342 /* Model */,
				3019846E272DC98500145342 /* View */,
				303F4E852729B56E0065F944 /* AMSandun_COBSCComp201P_018App.swift */,
				303F4E872729B56E0065F944 /* ContentView.swift */,
				308119B9272E4F530029C1DC /* GoogleService-Info.plist */,
				303F4E892729B5700065F944 /* Assets.xcassets */,
				303F4E8B2729B5700065F944 /* Preview Content */,
				303ADF38272DCC0B00957EDB /* SplashScreen.storyboard */,
			);
			path = AMSandun_COBSCComp201P_018;
			sourceTree = "<group>";
		};
		303F4E8B2729B5700065F944 /* Preview Content */ = {
			isa = PBXGroup;
			children = (
				303F4E8C2729B5700065F944 /* Preview Assets.xcassets */,
			);
			path = "Preview Content";
			sourceTree = "<group>";
		};
		303F4E952729B5700065F944 /* AMSandun_COBSCComp201P_018Tests */ = {
			isa = PBXGroup;
			children = (
				303F4E962729B5700065F944 /* AMSandun_COBSCComp201P_018Tests.swift */,
			);
			path = AMSandun_COBSCComp201P_018Tests;
			sourceTree = "<group>";
		};
		303F4E9F2729B5700065F944 /* AMSandun_COBSCComp201P_018UITests */ = {
			isa = PBXGroup;
			children = (
				303F4EA02729B5700065F944 /* AMSandun_COBSCComp201P_018UITests.swift */,
				303F4EA22729B5700065F944 /* AMSandun_COBSCComp201P_018UITestsLaunchTests.swift */,
			);
			path = AMSandun_COBSCComp201P_018UITests;
			sourceTree = "<group>";
		};
		78C489AA2E92CD9F3E1525D1 /* Frameworks */ = {
			isa = PBXGroup;
			children = (
				B249BCD2C4F09E9CB5CCAB0E /* Pods_AMSandun_COBSCComp201P_018.framework */,
				E045D99823D6AA4CD768A10F /* Pods_AMSandun_COBSCComp201P_018_AMSandun_COBSCComp201P_018UITests.framework */,
				6CACB0483EEF280973BF90A1 /* Pods_AMSandun_COBSCComp201P_018Tests.framework */,
			);
			name = Frameworks;
			sourceTree = "<group>";
		};
/* End PBXGroup section */

/* Begin PBXNativeTarget section */
		303F4E812729B56E0065F944 /* AMSandun_COBSCComp201P_018 */ = {
			isa = PBXNativeTarget;
			buildConfigurationList = 303F4EA62729B5700065F944 /* Build configuration list for PBXNativeTarget "AMSandun_COBSCComp201P_018" */;
			buildPhases = (
				AC2638D6DBDBB531F53C09D8 /* [CP] Check Pods Manifest.lock */,
				303F4E7E2729B56E0065F944 /* Sources */,
				303F4E7F2729B56E0065F944 /* Frameworks */,
				303F4E802729B56E0065F944 /* Resources */,
				8E80FA5BFC38044709452B29 /* [CP] Embed Pods Frameworks */,
			);
			buildRules = (
			);
			dependencies = (
			);
			name = AMSandun_COBSCComp201P_018;
			productName = AMSandun_COBSCComp201P_018;
			productReference = 303F4E822729B56E0065F944 /* AMSandun_COBSCComp201P_018.app */;
			productType = "com.apple.product-type.application";
		};
		303F4E912729B5700065F944 /* AMSandun_COBSCComp201P_018Tests */ = {
			isa = PBXNativeTarget;
			buildConfigurationList = 303F4EA92729B5700065F944 /* Build configuration list for PBXNativeTarget "AMSandun_COBSCComp201P_018Tests" */;
			buildPhases = (
				F66899393B1B070C4CBE68B9 /* [CP] Check Pods Manifest.lock */,
				303F4E8E2729B5700065F944 /* Sources */,
				303F4E8F2729B5700065F944 /* Frameworks */,
				303F4E902729B5700065F944 /* Resources */,
			);
			buildRules = (
			);
			dependencies = (
				303F4E942729B5700065F944 /* PBXTargetDependency */,
			);
			name = AMSandun_COBSCComp201P_018Tests;
			productName = AMSandun_COBSCComp201P_018Tests;
			productReference = 303F4E922729B5700065F944 /* AMSandun_COBSCComp201P_018Tests.xctest */;
			productType = "com.apple.product-type.bundle.unit-test";
		};
		303F4E9B2729B5700065F944 /* AMSandun_COBSCComp201P_018UITests */ = {
			isa = PBXNativeTarget;
			buildConfigurationList = 303F4EAC2729B5700065F944 /* Build configuration list for PBXNativeTarget "AMSandun_COBSCComp201P_018UITests" */;
			buildPhases = (
				7C2E7CDD46942956D3C320A9 /* [CP] Check Pods Manifest.lock */,
				303F4E982729B5700065F944 /* Sources */,
				303F4E992729B5700065F944 /* Frameworks */,
				303F4E9A2729B5700065F944 /* Resources */,
				6E76CC1810B73ACD3081114B /* [CP] Embed Pods Frameworks */,
			);
			buildRules = (
			);
			dependencies = (
				303F4E9E2729B5700065F944 /* PBXTargetDependency */,
			);
			name = AMSandun_COBSCComp201P_018UITests;
			productName = AMSandun_COBSCComp201P_018UITests;
			productReference = 303F4E9C2729B5700065F944 /* AMSandun_COBSCComp201P_018UITests.xctest */;
			productType = "com.apple.product-type.bundle.ui-testing";
		};
/* End PBXNativeTarget section */

/* Begin PBXProject section */
		303F4E7A2729B56E0065F944 /* Project object */ = {
			isa = PBXProject;
			attributes = {
				BuildIndependentTargetsInParallel = 1;
				LastSwiftUpdateCheck = 1300;
				LastUpgradeCheck = 1300;
				TargetAttributes = {
					303F4E812729B56E0065F944 = {
						CreatedOnToolsVersion = 13.0;
					};
					303F4E912729B5700065F944 = {
						CreatedOnToolsVersion = 13.0;
						TestTargetID = 303F4E812729B56E0065F944;
					};
					303F4E9B2729B5700065F944 = {
						CreatedOnToolsVersion = 13.0;
						TestTargetID = 303F4E812729B56E0065F944;
					};
				};
			};
			buildConfigurationList = 303F4E7D2729B56E0065F944 /* Build configuration list for PBXProject "AMSandun_COBSCComp201P_018" */;
			compatibilityVersion = "Xcode 13.0";
			developmentRegion = en;
			hasScannedForEncodings = 0;
			knownRegions = (
				en,
				Base,
			);
			mainGroup = 303F4E792729B56E0065F944;
			productRefGroup = 303F4E832729B56E0065F944 /* Products */;
			projectDirPath = "";
			projectRoot = "";
			targets = (
				303F4E812729B56E0065F944 /* AMSandun_COBSCComp201P_018 */,
				303F4E912729B5700065F944 /* AMSandun_COBSCComp201P_018Tests */,
				303F4E9B2729B5700065F944 /* AMSandun_COBSCComp201P_018UITests */,
			);
		};
/* End PBXProject section */

/* Begin PBXResourcesBuildPhase section */
		303F4E802729B56E0065F944 /* Resources */ = {
			isa = PBXResourcesBuildPhase;
			buildActionMask = 2147483647;
			files = (
				303F4E8D2729B5700065F944 /* Preview Assets.xcassets in Resources */,
				308119BA272E4F530029C1DC /* GoogleService-Info.plist in Resources */,
				303ADF39272DCC0B00957EDB /* SplashScreen.storyboard in Resources */,
				303F4E8A2729B5700065F944 /* Assets.xcassets in Resources */,
			);
			runOnlyForDeploymentPostprocessing = 0;
		};
		303F4E902729B5700065F944 /* Resources */ = {
			isa = PBXResourcesBuildPhase;
			buildActionMask = 2147483647;
			files = (
			);
			runOnlyForDeploymentPostprocessing = 0;
		};
		303F4E9A2729B5700065F944 /* Resources */ = {
			isa = PBXResourcesBuildPhase;
			buildActionMask = 2147483647;
			files = (
			);
			runOnlyForDeploymentPostprocessing = 0;
		};
/* End PBXResourcesBuildPhase section */

/* Begin PBXShellScriptBuildPhase section */
		6E76CC1810B73ACD3081114B /* [CP] Embed Pods Frameworks */ = {
			isa = PBXShellScriptBuildPhase;
			buildActionMask = 2147483647;
			files = (
			);
			inputFileListPaths = (
				"${PODS_ROOT}/Target Support Files/Pods-AMSandun_COBSCComp201P_018-AMSandun_COBSCComp201P_018UITests/Pods-AMSandun_COBSCComp201P_018-AMSandun_COBSCComp201P_018UITests-frameworks-${CONFIGURATION}-input-files.xcfilelist",
			);
			name = "[CP] Embed Pods Frameworks";
			outputFileListPaths = (
				"${PODS_ROOT}/Target Support Files/Pods-AMSandun_COBSCComp201P_018-AMSandun_COBSCComp201P_018UITests/Pods-AMSandun_COBSCComp201P_018-AMSandun_COBSCComp201P_018UITests-frameworks-${CONFIGURATION}-output-files.xcfilelist",
			);
			runOnlyForDeploymentPostprocessing = 0;
			shellPath = /bin/sh;
			shellScript = "\"${PODS_ROOT}/Target Support Files/Pods-AMSandun_COBSCComp201P_018-AMSandun_COBSCComp201P_018UITests/Pods-AMSandun_COBSCComp201P_018-AMSandun_COBSCComp201P_018UITests-frameworks.sh\"\n";
			showEnvVarsInLog = 0;
		};
		7C2E7CDD46942956D3C320A9 /* [CP] Check Pods Manifest.lock */ = {
			isa = PBXShellScriptBuildPhase;
			buildActionMask = 2147483647;
			files = (
			);
			inputFileListPaths = (
			);
			inputPaths = (
				"${PODS_PODFILE_DIR_PATH}/Podfile.lock",
				"${PODS_ROOT}/Manifest.lock",
			);
			name = "[CP] Check Pods Manifest.lock";
			outputFileListPaths = (
			);
			outputPaths = (
				"$(DERIVED_FILE_DIR)/Pods-AMSandun_COBSCComp201P_018-AMSandun_COBSCComp201P_018UITests-checkManifestLockResult.txt",
			);
			runOnlyForDeploymentPostprocessing = 0;
			shellPath = /bin/sh;
			shellScript = "diff \"${PODS_PODFILE_DIR_PATH}/Podfile.lock\" \"${PODS_ROOT}/Manifest.lock\" > /dev/null\nif [ $? != 0 ] ; then\n    # print error to STDERR\n    echo \"error: The sandbox is not in sync with the Podfile.lock. Run 'pod install' or update your CocoaPods installation.\" >&2\n    exit 1\nfi\n# This output is used by Xcode 'outputs' to avoid re-running this script phase.\necho \"SUCCESS\" > \"${SCRIPT_OUTPUT_FILE_0}\"\n";
			showEnvVarsInLog = 0;
		};
		8E80FA5BFC38044709452B29 /* [CP] Embed Pods Frameworks */ = {
			isa = PBXShellScriptBuildPhase;
			buildActionMask = 2147483647;
			files = (
			);
			inputFileListPaths = (
				"${PODS_ROOT}/Target Support Files/Pods-AMSandun_COBSCComp201P_018/Pods-AMSandun_COBSCComp201P_018-frameworks-${CONFIGURATION}-input-files.xcfilelist",
			);
			name = "[CP] Embed Pods Frameworks";
			outputFileListPaths = (
				"${PODS_ROOT}/Target Support Files/Pods-AMSandun_COBSCComp201P_018/Pods-AMSandun_COBSCComp201P_018-frameworks-${CONFIGURATION}-output-files.xcfilelist",
			);
			runOnlyForDeploymentPostprocessing = 0;
			shellPath = /bin/sh;
			shellScript = "\"${PODS_ROOT}/Target Support Files/Pods-AMSandun_COBSCComp201P_018/Pods-AMSandun_COBSCComp201P_018-frameworks.sh\"\n";
			showEnvVarsInLog = 0;
		};
		AC2638D6DBDBB531F53C09D8 /* [CP] Check Pods Manifest.lock */ = {
			isa = PBXShellScriptBuildPhase;
			buildActionMask = 2147483647;
			files = (
			);
			inputFileListPaths = (
			);
			inputPaths = (
				"${PODS_PODFILE_DIR_PATH}/Podfile.lock",
				"${PODS_ROOT}/Manifest.lock",
			);
			name = "[CP] Check Pods Manifest.lock";
			outputFileListPaths = (
			);
			outputPaths = (
				"$(DERIVED_FILE_DIR)/Pods-AMSandun_COBSCComp201P_018-checkManifestLockResult.txt",
			);
			runOnlyForDeploymentPostprocessing = 0;
			shellPath = /bin/sh;
			shellScript = "diff \"${PODS_PODFILE_DIR_PATH}/Podfile.lock\" \"${PODS_ROOT}/Manifest.lock\" > /dev/null\nif [ $? != 0 ] ; then\n    # print error to STDERR\n    echo \"error: The sandbox is not in sync with the Podfile.lock. Run 'pod install' or update your CocoaPods installation.\" >&2\n    exit 1\nfi\n# This output is used by Xcode 'outputs' to avoid re-running this script phase.\necho \"SUCCESS\" > \"${SCRIPT_OUTPUT_FILE_0}\"\n";
			showEnvVarsInLog = 0;
		};
		F66899393B1B070C4CBE68B9 /* [CP] Check Pods Manifest.lock */ = {
			isa = PBXShellScriptBuildPhase;
			buildActionMask = 2147483647;
			files = (
			);
			inputFileListPaths = (
			);
			inputPaths = (
				"${PODS_PODFILE_DIR_PATH}/Podfile.lock",
				"${PODS_ROOT}/Manifest.lock",
			);
			name = "[CP] Check Pods Manifest.lock";
			outputFileListPaths = (
			);
			outputPaths = (
				"$(DERIVED_FILE_DIR)/Pods-AMSandun_COBSCComp201P_018Tests-checkManifestLockResult.txt",
			);
			runOnlyForDeploymentPostprocessing = 0;
			shellPath = /bin/sh;
			shellScript = "diff \"${PODS_PODFILE_DIR_PATH}/Podfile.lock\" \"${PODS_ROOT}/Manifest.lock\" > /dev/null\nif [ $? != 0 ] ; then\n    # print error to STDERR\n    echo \"error: The sandbox is not in sync with the Podfile.lock. Run 'pod install' or update your CocoaPods installation.\" >&2\n    exit 1\nfi\n# This output is used by Xcode 'outputs' to avoid re-running this script phase.\necho \"SUCCESS\" > \"${SCRIPT_OUTPUT_FILE_0}\"\n";
			showEnvVarsInLog = 0;
		};
/* End PBXShellScriptBuildPhase section */

/* Begin PBXSourcesBuildPhase section */
		303F4E7E2729B56E0065F944 /* Sources */ = {
			isa = PBXSourcesBuildPhase;
			buildActionMask = 2147483647;
			files = (
				30D2549C27312B2B00732049 /* AuthViewModel.swift in Sources */,
				30198474272DCA6F00145342 /* SignUpView.swift in Sources */,
				30FEFBAC2731864A00AFAD68 /* BookingView.swift in Sources */,
				30198472272DCA4D00145342 /* SignInView.swift in Sources */,
				304AA97A2731851200FC3528 /* HomeView.swift in Sources */,
				30FEFBAE2731868D00AFAD68 /* SettingView.swift in Sources */,
				303F4E882729B56E0065F944 /* ContentView.swift in Sources */,
				309E1A002732BF0500202ED7 /* UserModel.swift in Sources */,
				303F4E862729B56E0065F944 /* AMSandun_COBSCComp201P_018App.swift in Sources */,
			);
			runOnlyForDeploymentPostprocessing = 0;
		};
		303F4E8E2729B5700065F944 /* Sources */ = {
			isa = PBXSourcesBuildPhase;
			buildActionMask = 2147483647;
			files = (
				303F4E972729B5700065F944 /* AMSandun_COBSCComp201P_018Tests.swift in Sources */,
			);
			runOnlyForDeploymentPostprocessing = 0;
		};
		303F4E982729B5700065F944 /* Sources */ = {
			isa = PBXSourcesBuildPhase;
			buildActionMask = 2147483647;
			files = (
				303F4EA32729B5700065F944 /* AMSandun_COBSCComp201P_018UITestsLaunchTests.swift in Sources */,
				303F4EA12729B5700065F944 /* AMSandun_COBSCComp201P_018UITests.swift in Sources */,
			);
			runOnlyForDeploymentPostprocessing = 0;
		};
/* End PBXSourcesBuildPhase section */

/* Begin PBXTargetDependency section */
		303F4E942729B5700065F944 /* PBXTargetDependency */ = {
			isa = PBXTargetDependency;
			target = 303F4E812729B56E0065F944 /* AMSandun_COBSCComp201P_018 */;
			targetProxy = 303F4E932729B5700065F944 /* PBXContainerItemProxy */;
		};
		303F4E9E2729B5700065F944 /* PBXTargetDependency */ = {
			isa = PBXTargetDependency;
			target = 303F4E812729B56E0065F944 /* AMSandun_COBSCComp201P_018 */;
			targetProxy = 303F4E9D2729B5700065F944 /* PBXContainerItemProxy */;
		};
/* End PBXTargetDependency section */

/* Begin XCBuildConfiguration section */
		303F4EA42729B5700065F944 /* Debug */ = {
			isa = XCBuildConfiguration;
			buildSettings = {
				ALWAYS_SEARCH_USER_PATHS = NO;
				CLANG_ANALYZER_NONNULL = YES;
				CLANG_ANALYZER_NUMBER_OBJECT_CONVERSION = YES_AGGRESSIVE;
				CLANG_CXX_LANGUAGE_STANDARD = "gnu++17";
				CLANG_CXX_LIBRARY = "libc++";
				CLANG_ENABLE_MODULES = YES;
				CLANG_ENABLE_OBJC_ARC = YES;
				CLANG_ENABLE_OBJC_WEAK = YES;
				CLANG_WARN_BLOCK_CAPTURE_AUTORELEASING = YES;
				CLANG_WARN_BOOL_CONVERSION = YES;
				CLANG_WARN_COMMA = YES;
				CLANG_WARN_CONSTANT_CONVERSION = YES;
				CLANG_WARN_DEPRECATED_OBJC_IMPLEMENTATIONS = YES;
				CLANG_WARN_DIRECT_OBJC_ISA_USAGE = YES_ERROR;
				CLANG_WARN_DOCUMENTATION_COMMENTS = YES;
				CLANG_WARN_EMPTY_BODY = YES;
				CLANG_WARN_ENUM_CONVERSION = YES;
				CLANG_WARN_INFINITE_RECURSION = YES;
				CLANG_WARN_INT_CONVERSION = YES;
				CLANG_WARN_NON_LITERAL_NULL_CONVERSION = YES;
				CLANG_WARN_OBJC_IMPLICIT_RETAIN_SELF = YES;
				CLANG_WARN_OBJC_LITERAL_CONVERSION = YES;
				CLANG_WARN_OBJC_ROOT_CLASS = YES_ERROR;
				CLANG_WARN_QUOTED_INCLUDE_IN_FRAMEWORK_HEADER = YES;
				CLANG_WARN_RANGE_LOOP_ANALYSIS = YES;
				CLANG_WARN_STRICT_PROTOTYPES = YES;
				CLANG_WARN_SUSPICIOUS_MOVE = YES;
				CLANG_WARN_UNGUARDED_AVAILABILITY = YES_AGGRESSIVE;
				CLANG_WARN_UNREACHABLE_CODE = YES;
				CLANG_WARN__DUPLICATE_METHOD_MATCH = YES;
				COPY_PHASE_STRIP = NO;
				DEBUG_INFORMATION_FORMAT = dwarf;
				ENABLE_STRICT_OBJC_MSGSEND = YES;
				ENABLE_TESTABILITY = YES;
				GCC_C_LANGUAGE_STANDARD = gnu11;
				GCC_DYNAMIC_NO_PIC = NO;
				GCC_NO_COMMON_BLOCKS = YES;
				GCC_OPTIMIZATION_LEVEL = 0;
				GCC_PREPROCESSOR_DEFINITIONS = (
					"DEBUG=1",
					"$(inherited)",
				);
				GCC_WARN_64_TO_32_BIT_CONVERSION = YES;
				GCC_WARN_ABOUT_RETURN_TYPE = YES_ERROR;
				GCC_WARN_UNDECLARED_SELECTOR = YES;
				GCC_WARN_UNINITIALIZED_AUTOS = YES_AGGRESSIVE;
				GCC_WARN_UNUSED_FUNCTION = YES;
				GCC_WARN_UNUSED_VARIABLE = YES;
				IPHONEOS_DEPLOYMENT_TARGET = 15.0;
				MTL_ENABLE_DEBUG_INFO = INCLUDE_SOURCE;
				MTL_FAST_MATH = YES;
				ONLY_ACTIVE_ARCH = YES;
				SDKROOT = iphoneos;
				SWIFT_ACTIVE_COMPILATION_CONDITIONS = DEBUG;
				SWIFT_OPTIMIZATION_LEVEL = "-Onone";
			};
			name = Debug;
		};
		303F4EA52729B5700065F944 /* Release */ = {
			isa = XCBuildConfiguration;
			buildSettings = {
				ALWAYS_SEARCH_USER_PATHS = NO;
				CLANG_ANALYZER_NONNULL = YES;
				CLANG_ANALYZER_NUMBER_OBJECT_CONVERSION = YES_AGGRESSIVE;
				CLANG_CXX_LANGUAGE_STANDARD = "gnu++17";
				CLANG_CXX_LIBRARY = "libc++";
				CLANG_ENABLE_MODULES = YES;
				CLANG_ENABLE_OBJC_ARC = YES;
				CLANG_ENABLE_OBJC_WEAK = YES;
				CLANG_WARN_BLOCK_CAPTURE_AUTORELEASING = YES;
				CLANG_WARN_BOOL_CONVERSION = YES;
				CLANG_WARN_COMMA = YES;
				CLANG_WARN_CONSTANT_CONVERSION = YES;
				CLANG_WARN_DEPRECATED_OBJC_IMPLEMENTATIONS = YES;
				CLANG_WARN_DIRECT_OBJC_ISA_USAGE = YES_ERROR;
				CLANG_WARN_DOCUMENTATION_COMMENTS = YES;
				CLANG_WARN_EMPTY_BODY = YES;
				CLANG_WARN_ENUM_CONVERSION = YES;
				CLANG_WARN_INFINITE_RECURSION = YES;
				CLANG_WARN_INT_CONVERSION = YES;
				CLANG_WARN_NON_LITERAL_NULL_CONVERSION = YES;
				CLANG_WARN_OBJC_IMPLICIT_RETAIN_SELF = YES;
				CLANG_WARN_OBJC_LITERAL_CONVERSION = YES;
				CLANG_WARN_OBJC_ROOT_CLASS = YES_ERROR;
				CLANG_WARN_QUOTED_INCLUDE_IN_FRAMEWORK_HEADER = YES;
				CLANG_WARN_RANGE_LOOP_ANALYSIS = YES;
				CLANG_WARN_STRICT_PROTOTYPES = YES;
				CLANG_WARN_SUSPICIOUS_MOVE = YES;
				CLANG_WARN_UNGUARDED_AVAILABILITY = YES_AGGRESSIVE;
				CLANG_WARN_UNREACHABLE_CODE = YES;
				CLANG_WARN__DUPLICATE_METHOD_MATCH = YES;
				COPY_PHASE_STRIP = NO;
				DEBUG_INFORMATION_FORMAT = "dwarf-with-dsym";
				ENABLE_NS_ASSERTIONS = NO;
				ENABLE_STRICT_OBJC_MSGSEND = YES;
				GCC_C_LANGUAGE_STANDARD = gnu11;
				GCC_NO_COMMON_BLOCKS = YES;
				GCC_WARN_64_TO_32_BIT_CONVERSION = YES;
				GCC_WARN_ABOUT_RETURN_TYPE = YES_ERROR;
				GCC_WARN_UNDECLARED_SELECTOR = YES;
				GCC_WARN_UNINITIALIZED_AUTOS = YES_AGGRESSIVE;
				GCC_WARN_UNUSED_FUNCTION = YES;
				GCC_WARN_UNUSED_VARIABLE = YES;
				IPHONEOS_DEPLOYMENT_TARGET = 15.0;
				MTL_ENABLE_DEBUG_INFO = NO;
				MTL_FAST_MATH = YES;
				SDKROOT = iphoneos;
				SWIFT_COMPILATION_MODE = wholemodule;
				SWIFT_OPTIMIZATION_LEVEL = "-O";
				VALIDATE_PRODUCT = YES;
			};
			name = Release;
		};
		303F4EA72729B5700065F944 /* Debug */ = {
			isa = XCBuildConfiguration;
			baseConfigurationReference = 7D7DA32B58AFD2D8E28D484E /* Pods-AMSandun_COBSCComp201P_018.debug.xcconfig */;
			buildSettings = {
				ASSETCATALOG_COMPILER_APPICON_NAME = AppIcon;
				ASSETCATALOG_COMPILER_GLOBAL_ACCENT_COLOR_NAME = AccentColor;
				CODE_SIGN_STYLE = Automatic;
				CURRENT_PROJECT_VERSION = 1;
				DEVELOPMENT_ASSET_PATHS = "\"AMSandun_COBSCComp201P_018/Preview Content\"";
				DEVELOPMENT_TEAM = 96UQ7T933N;
				ENABLE_PREVIEWS = YES;
				GENERATE_INFOPLIST_FILE = YES;
				INFOPLIST_KEY_UIApplicationSceneManifest_Generation = YES;
				INFOPLIST_KEY_UIApplicationSupportsIndirectInputEvents = YES;
				INFOPLIST_KEY_UILaunchScreen_Generation = YES;
				INFOPLIST_KEY_UISupportedInterfaceOrientations_iPad = "UIInterfaceOrientationPortrait UIInterfaceOrientationPortraitUpsideDown UIInterfaceOrientationLandscapeLeft UIInterfaceOrientationLandscapeRight";
				INFOPLIST_KEY_UISupportedInterfaceOrientations_iPhone = "UIInterfaceOrientationPortrait UIInterfaceOrientationLandscapeLeft UIInterfaceOrientationLandscapeRight";
				IPHONEOS_DEPLOYMENT_TARGET = 14.0;
				LD_RUNPATH_SEARCH_PATHS = (
					"$(inherited)",
					"@executable_path/Frameworks",
				);
				MARKETING_VERSION = 1.0;
				PRODUCT_BUNDLE_IDENTIFIER = "lk.amsandun.AMSandun-COBSCComp201P-018";
				PRODUCT_NAME = "$(TARGET_NAME)";
				SWIFT_EMIT_LOC_STRINGS = YES;
				SWIFT_VERSION = 5.0;
				TARGETED_DEVICE_FAMILY = "1,2";
			};
			name = Debug;
		};
		303F4EA82729B5700065F944 /* Release */ = {
			isa = XCBuildConfiguration;
			baseConfigurationReference = 679A061181B13924EEC62866 /* Pods-AMSandun_COBSCComp201P_018.release.xcconfig */;
			buildSettings = {
				ASSETCATALOG_COMPILER_APPICON_NAME = AppIcon;
				ASSETCATALOG_COMPILER_GLOBAL_ACCENT_COLOR_NAME = AccentColor;
				CODE_SIGN_STYLE = Automatic;
				CURRENT_PROJECT_VERSION = 1;
				DEVELOPMENT_ASSET_PATHS = "\"AMSandun_COBSCComp201P_018/Preview Content\"";
				DEVELOPMENT_TEAM = 96UQ7T933N;
				ENABLE_PREVIEWS = YES;
				GENERATE_INFOPLIST_FILE = YES;
				INFOPLIST_KEY_UIApplicationSceneManifest_Generation = YES;
				INFOPLIST_KEY_UIApplicationSupportsIndirectInputEvents = YES;
				INFOPLIST_KEY_UILaunchScreen_Generation = YES;
				INFOPLIST_KEY_UISupportedInterfaceOrientations_iPad = "UIInterfaceOrientationPortrait UIInterfaceOrientationPortraitUpsideDown UIInterfaceOrientationLandscapeLeft UIInterfaceOrientationLandscapeRight";
				INFOPLIST_KEY_UISupportedInterfaceOrientations_iPhone = "UIInterfaceOrientationPortrait UIInterfaceOrientationLandscapeLeft UIInterfaceOrientationLandscapeRight";
				IPHONEOS_DEPLOYMENT_TARGET = 14.0;
				LD_RUNPATH_SEARCH_PATHS = (
					"$(inherited)",
					"@executable_path/Frameworks",
				);
				MARKETING_VERSION = 1.0;
				PRODUCT_BUNDLE_IDENTIFIER = "lk.amsandun.AMSandun-COBSCComp201P-018";
				PRODUCT_NAME = "$(TARGET_NAME)";
				SWIFT_EMIT_LOC_STRINGS = YES;
				SWIFT_VERSION = 5.0;
				TARGETED_DEVICE_FAMILY = "1,2";
			};
			name = Release;
		};
		303F4EAA2729B5700065F944 /* Debug */ = {
			isa = XCBuildConfiguration;
			baseConfigurationReference = 78D6BD68BA4E686B833BA461 /* Pods-AMSandun_COBSCComp201P_018Tests.debug.xcconfig */;
			buildSettings = {
				ALWAYS_EMBED_SWIFT_STANDARD_LIBRARIES = YES;
				BUNDLE_LOADER = "$(TEST_HOST)";
				CODE_SIGN_STYLE = Automatic;
				CURRENT_PROJECT_VERSION = 1;
				DEVELOPMENT_TEAM = 96UQ7T933N;
				GENERATE_INFOPLIST_FILE = YES;
				IPHONEOS_DEPLOYMENT_TARGET = 14.0;
				LD_RUNPATH_SEARCH_PATHS = (
					"$(inherited)",
					"@executable_path/Frameworks",
					"@loader_path/Frameworks",
				);
				MARKETING_VERSION = 1.0;
				PRODUCT_BUNDLE_IDENTIFIER = "lk.amsandun.AMSandun-COBSCComp201P-018Tests";
				PRODUCT_NAME = "$(TARGET_NAME)";
				SWIFT_EMIT_LOC_STRINGS = NO;
				SWIFT_VERSION = 5.0;
				TARGETED_DEVICE_FAMILY = "1,2";
				TEST_HOST = "$(BUILT_PRODUCTS_DIR)/AMSandun_COBSCComp201P_018.app/AMSandun_COBSCComp201P_018";
			};
			name = Debug;
		};
		303F4EAB2729B5700065F944 /* Release */ = {
			isa = XCBuildConfiguration;
			baseConfigurationReference = 82B051992BC50C24E892EC71 /* Pods-AMSandun_COBSCComp201P_018Tests.release.xcconfig */;
			buildSettings = {
				ALWAYS_EMBED_SWIFT_STANDARD_LIBRARIES = YES;
				BUNDLE_LOADER = "$(TEST_HOST)";
				CODE_SIGN_STYLE = Automatic;
				CURRENT_PROJECT_VERSION = 1;
				DEVELOPMENT_TEAM = 96UQ7T933N;
				GENERATE_INFOPLIST_FILE = YES;
				IPHONEOS_DEPLOYMENT_TARGET = 14.0;
				LD_RUNPATH_SEARCH_PATHS = (
					"$(inherited)",
					"@executable_path/Frameworks",
					"@loader_path/Frameworks",
				);
				MARKETING_VERSION = 1.0;
				PRODUCT_BUNDLE_IDENTIFIER = "lk.amsandun.AMSandun-COBSCComp201P-018Tests";
				PRODUCT_NAME = "$(TARGET_NAME)";
				SWIFT_EMIT_LOC_STRINGS = NO;
				SWIFT_VERSION = 5.0;
				TARGETED_DEVICE_FAMILY = "1,2";
				TEST_HOST = "$(BUILT_PRODUCTS_DIR)/AMSandun_COBSCComp201P_018.app/AMSandun_COBSCComp201P_018";
			};
			name = Release;
		};
		303F4EAD2729B5700065F944 /* Debug */ = {
			isa = XCBuildConfiguration;
			baseConfigurationReference = D3B9ECAE074205028AB6B59C /* Pods-AMSandun_COBSCComp201P_018-AMSandun_COBSCComp201P_018UITests.debug.xcconfig */;
			buildSettings = {
				ALWAYS_EMBED_SWIFT_STANDARD_LIBRARIES = YES;
				CODE_SIGN_STYLE = Automatic;
				CURRENT_PROJECT_VERSION = 1;
				DEVELOPMENT_TEAM = 96UQ7T933N;
				GENERATE_INFOPLIST_FILE = YES;
				LD_RUNPATH_SEARCH_PATHS = (
					"$(inherited)",
					"@executable_path/Frameworks",
					"@loader_path/Frameworks",
				);
				MARKETING_VERSION = 1.0;
				PRODUCT_BUNDLE_IDENTIFIER = "lk.amsandun.AMSandun-COBSCComp201P-018UITests";
				PRODUCT_NAME = "$(TARGET_NAME)";
				SWIFT_EMIT_LOC_STRINGS = NO;
				SWIFT_VERSION = 5.0;
				TARGETED_DEVICE_FAMILY = "1,2";
				TEST_TARGET_NAME = AMSandun_COBSCComp201P_018;
			};
			name = Debug;
		};
		303F4EAE2729B5700065F944 /* Release */ = {
			isa = XCBuildConfiguration;
			baseConfigurationReference = 145867DAE575B93D64282849 /* Pods-AMSandun_COBSCComp201P_018-AMSandun_COBSCComp201P_018UITests.release.xcconfig */;
			buildSettings = {
				ALWAYS_EMBED_SWIFT_STANDARD_LIBRARIES = YES;
				CODE_SIGN_STYLE = Automatic;
				CURRENT_PROJECT_VERSION = 1;
				DEVELOPMENT_TEAM = 96UQ7T933N;
				GENERATE_INFOPLIST_FILE = YES;
				LD_RUNPATH_SEARCH_PATHS = (
					"$(inherited)",
					"@executable_path/Frameworks",
					"@loader_path/Frameworks",
				);
				MARKETING_VERSION = 1.0;
				PRODUCT_BUNDLE_IDENTIFIER = "lk.amsandun.AMSandun-COBSCComp201P-018UITests";
				PRODUCT_NAME = "$(TARGET_NAME)";
				SWIFT_EMIT_LOC_STRINGS = NO;
				SWIFT_VERSION = 5.0;
				TARGETED_DEVICE_FAMILY = "1,2";
				TEST_TARGET_NAME = AMSandun_COBSCComp201P_018;
			};
			name = Release;
		};
/* End XCBuildConfiguration section */

/* Begin XCConfigurationList section */
		303F4E7D2729B56E0065F944 /* Build configuration list for PBXProject "AMSandun_COBSCComp201P_018" */ = {
			isa = XCConfigurationList;
			buildConfigurations = (
				303F4EA42729B5700065F944 /* Debug */,
				303F4EA52729B5700065F944 /* Release */,
			);
			defaultConfigurationIsVisible = 0;
			defaultConfigurationName = Release;
		};
		303F4EA62729B5700065F944 /* Build configuration list for PBXNativeTarget "AMSandun_COBSCComp201P_018" */ = {
			isa = XCConfigurationList;
			buildConfigurations = (
				303F4EA72729B5700065F944 /* Debug */,
				303F4EA82729B5700065F944 /* Release */,
			);
			defaultConfigurationIsVisible = 0;
			defaultConfigurationName = Release;
		};
		303F4EA92729B5700065F944 /* Build configuration list for PBXNativeTarget "AMSandun_COBSCComp201P_018Tests" */ = {
			isa = XCConfigurationList;
			buildConfigurations = (
				303F4EAA2729B5700065F944 /* Debug */,
				303F4EAB2729B5700065F944 /* Release */,
			);
			defaultConfigurationIsVisible = 0;
			defaultConfigurationName = Release;
		};
		303F4EAC2729B5700065F944 /* Build configuration list for PBXNativeTarget "AMSandun_COBSCComp201P_018UITests" */ = {
			isa = XCConfigurationList;
			buildConfigurations = (
				303F4EAD2729B5700065F944 /* Debug */,
				303F4EAE2729B5700065F944 /* Release */,
			);
			defaultConfigurationIsVisible = 0;
			defaultConfigurationName = Release;
		};
/* End XCConfigurationList section */
	};
	rootObject = 303F4E7A2729B56E0065F944 /* Project object */;
}
